
Microsoft Visual Studio Solution File, Format Version 12.00
# Visual Studio Version 16
VisualStudioVersion = 16.0.36631.11
MinimumVisualStudioVersion = 10.0.40219.1
Project("{FAE04EC0-301F-11D3-BF4B-00C04F79EFBC}") = "Bai1", "Bai1.csproj", "{7DFFDDB6-6DAB-4806-981E-50D9BDC93E2F}"
EndProject
Project("{FAE04EC0-301F-11D3-BF4B-00C04F79EFBC}") = "Bai2", "..\Bai2\Bai2.csproj", "{C5971E93-1E90-4641-8061-89BCCCB104D9}"
EndProject
Project("{FAE04EC0-301F-11D3-BF4B-00C04F79EFBC}") = "Bai3", "..\Bai3\Bai3.csproj", "{827C49C6-32C8-4DBC-A867-079AE8CED7CA}"
EndProject
Project("{FAE04EC0-301F-11D3-BF4B-00C04F79EFBC}") = "Bai4", "..\Bai4\Bai4.csproj", "{D3A0F420-35C3-4F25-85D0-16AA1D88CBD5}"
EndProject
Project("{FAE04EC0-301F-11D3-BF4B-00C04F79EFBC}") = "Bai5", "..\Bai5\Bai5.csproj", "{54EBA8C1-7F6F-4101-9269-1C4AD2D8CE72}"
EndProject
Project("{FAE04EC0-301F-11D3-BF4B-00C04F79EFBC}") = "Bai6", "..\Bai6\Bai6.csproj", "{9A76967B-3CA0-427E-BB9D-D129488F951F}"
EndProject
Project("{FAE04EC0-301F-11D3-BF4B-00C04F79EFBC}") = "Bai7", "..\Bai7\Bai7.csproj", "{E7F2F6DC-B816-44DC-AFFC-A4C9CDE0A386}"
EndProject
Project("{FAE04EC0-301F-11D3-BF4B-00C04F79EFBC}") = "Bai8", "..\Bai8\Bai8.csproj", "{123EA57F-54A4-41E4-B61B-AACB8B0F9868}"
EndProject
Project("{FAE04EC0-301F-11D3-BF4B-00C04F79EFBC}") = "Bai9", "..\Bai9\Bai9.csproj", "{497A418E-3645-47BA-A873-7E754ABF0FEB}"
EndProject
Project("{FAE04EC0-301F-11D3-BF4B-00C04F79EFBC}") = "Bai10", "..\Bai10\Bai10.csproj", "{A90448F4-7432-405C-AA36-902714726F90}"
EndProject
Project("{FAE04EC0-301F-11D3-BF4B-00C04F79EFBC}") = "Bai11", "..\Bai11\Bai11.csproj", "{71C44630-B8A6-4B18-B2FD-E868FE8A9870}"
EndProject
Project("{FAE04EC0-301F-11D3-BF4B-00C04F79EFBC}") = "Bai12", "..\Bai12\Bai12.csproj", "{DA7C2A3F-BB26-44A5-9789-4E2E0B530BE2}"
EndProject
Project("{FAE04EC0-301F-11D3-BF4B-00C04F79EFBC}") = "Bai13", "..\Bai13\Bai13.csproj", "{7AFE1913-3DFD-4286-B731-BC0D551BCF17}"
EndProject
Project("{FAE04EC0-301F-11D3-BF4B-00C04F79EFBC}") = "Bai14", "..\Bai14\Bai14.csproj", "{852CB3A6-68FF-409F-A7EE-12AA8503FFF3}"
EndProject
Project("{FAE04EC0-301F-11D3-BF4B-00C04F79EFBC}") = "Bai15", "..\Bai15\Bai15.csproj", "{66228900-C7B8-44B7-8B9F-22A2F3CD4E24}"
EndProject
Project("{FAE04EC0-301F-11D3-BF4B-00C04F79EFBC}") = "Bai16", "..\Bai16\Bai16.csproj", "{76C487AB-3112-4369-BA46-1F050D9C0700}"
EndProject
Project("{FAE04EC0-301F-11D3-BF4B-00C04F79EFBC}") = "Bai17", "..\Bai17\Bai17.csproj", "{E586624E-32E9-4140-8BD3-C25B20DC9FAB}"
EndProject
Project("{FAE04EC0-301F-11D3-BF4B-00C04F79EFBC}") = "Bai18", "..\Bai18\Bai18.csproj", "{2D38469F-D9E9-461B-8964-474FD3011F36}"
EndProject
Global
	GlobalSection(SolutionConfigurationPlatforms) = preSolution
		Debug|Any CPU = Debug|Any CPU
		Release|Any CPU = Release|Any CPU
	EndGlobalSection
	GlobalSection(ProjectConfigurationPlatforms) = postSolution
		{7DFFDDB6-6DAB-4806-981E-50D9BDC93E2F}.Debug|Any CPU.ActiveCfg = Debug|Any CPU
		{7DFFDDB6-6DAB-4806-981E-50D9BDC93E2F}.Debug|Any CPU.Build.0 = Debug|Any CPU
		{7DFFDDB6-6DAB-4806-981E-50D9BDC93E2F}.Release|Any CPU.ActiveCfg = Release|Any CPU
		{7DFFDDB6-6DAB-4806-981E-50D9BDC93E2F}.Release|Any CPU.Build.0 = Release|Any CPU
		{C5971E93-1E90-4641-8061-89BCCCB104D9}.Debug|Any CPU.ActiveCfg = Debug|Any CPU
		{C5971E93-1E90-4641-8061-89BCCCB104D9}.Debug|Any CPU.Build.0 = Debug|Any CPU
		{C5971E93-1E90-4641-8061-89BCCCB104D9}.Release|Any CPU.ActiveCfg = Release|Any CPU
		{C5971E93-1E90-4641-8061-89BCCCB104D9}.Release|Any CPU.Build.0 = Release|Any CPU
		{827C49C6-32C8-4DBC-A867-079AE8CED7CA}.Debug|Any CPU.ActiveCfg = Debug|Any CPU
		{827C49C6-32C8-4DBC-A867-079AE8CED7CA}.Debug|Any CPU.Build.0 = Debug|Any CPU
		{827C49C6-32C8-4DBC-A867-079AE8CED7CA}.Release|Any CPU.ActiveCfg = Release|Any CPU
		{827C49C6-32C8-4DBC-A867-079AE8CED7CA}.Release|Any CPU.Build.0 = Release|Any CPU
		{D3A0F420-35C3-4F25-85D0-16AA1D88CBD5}.Debug|Any CPU.ActiveCfg = Debug|Any CPU
		{D3A0F420-35C3-4F25-85D0-16AA1D88CBD5}.Debug|Any CPU.Build.0 = Debug|Any CPU
		{D3A0F420-35C3-4F25-85D0-16AA1D88CBD5}.Release|Any CPU.ActiveCfg = Release|Any CPU
		{D3A0F420-35C3-4F25-85D0-16AA1D88CBD5}.Release|Any CPU.Build.0 = Release|Any CPU
		{54EBA8C1-7F6F-4101-9269-1C4AD2D8CE72}.Debug|Any CPU.ActiveCfg = Debug|Any CPU
		{54EBA8C1-7F6F-4101-9269-1C4AD2D8CE72}.Debug|Any CPU.Build.0 = Debug|Any CPU
		{54EBA8C1-7F6F-4101-9269-1C4AD2D8CE72}.Release|Any CPU.ActiveCfg = Release|Any CPU
		{54EBA8C1-7F6F-4101-9269-1C4AD2D8CE72}.Release|Any CPU.Build.0 = Release|Any CPU
		{9A76967B-3CA0-427E-BB9D-D129488F951F}.Debug|Any CPU.ActiveCfg = Debug|Any CPU
		{9A76967B-3CA0-427E-BB9D-D129488F951F}.Debug|Any CPU.Build.0 = Debug|Any CPU
		{9A76967B-3CA0-427E-BB9D-D129488F951F}.Release|Any CPU.ActiveCfg = Release|Any CPU
		{9A76967B-3CA0-427E-BB9D-D129488F951F}.Release|Any CPU.Build.0 = Release|Any CPU
		{E7F2F6DC-B816-44DC-AFFC-A4C9CDE0A386}.Debug|Any CPU.ActiveCfg = Debug|Any CPU
		{E7F2F6DC-B816-44DC-AFFC-A4C9CDE0A386}.Debug|Any CPU.Build.0 = Debug|Any CPU
		{E7F2F6DC-B816-44DC-AFFC-A4C9CDE0A386}.Release|Any CPU.ActiveCfg = Release|Any CPU
		{E7F2F6DC-B816-44DC-AFFC-A4C9CDE0A386}.Release|Any CPU.Build.0 = Release|Any CPU
		{123EA57F-54A4-41E4-B61B-AACB8B0F9868}.Debug|Any CPU.ActiveCfg = Debug|Any CPU
		{123EA57F-54A4-41E4-B61B-AACB8B0F9868}.Debug|Any CPU.Build.0 = Debug|Any CPU
		{123EA57F-54A4-41E4-B61B-AACB8B0F9868}.Release|Any CPU.ActiveCfg = Release|Any CPU
		{123EA57F-54A4-41E4-B61B-AACB8B0F9868}.Release|Any CPU.Build.0 = Release|Any CPU
		{497A418E-3645-47BA-A873-7E754ABF0FEB}.Debug|Any CPU.ActiveCfg = Debug|Any CPU
		{497A418E-3645-47BA-A873-7E754ABF0FEB}.Debug|Any CPU.Build.0 = Debug|Any CPU
		{497A418E-3645-47BA-A873-7E754ABF0FEB}.Release|Any CPU.ActiveCfg = Release|Any CPU
		{497A418E-3645-47BA-A873-7E754ABF0FEB}.Release|Any CPU.Build.0 = Release|Any CPU
		{A90448F4-7432-405C-AA36-902714726F90}.Debug|Any CPU.ActiveCfg = Debug|Any CPU
		{A90448F4-7432-405C-AA36-902714726F90}.Debug|Any CPU.Build.0 = Debug|Any CPU
		{A90448F4-7432-405C-AA36-902714726F90}.Release|Any CPU.ActiveCfg = Release|Any CPU
		{A90448F4-7432-405C-AA36-902714726F90}.Release|Any CPU.Build.0 = Release|Any CPU
		{71C44630-B8A6-4B18-B2FD-E868FE8A9870}.Debug|Any CPU.ActiveCfg = Debug|Any CPU
		{71C44630-B8A6-4B18-B2FD-E868FE8A9870}.Debug|Any CPU.Build.0 = Debug|Any CPU
		{71C44630-B8A6-4B18-B2FD-E868FE8A9870}.Release|Any CPU.ActiveCfg = Release|Any CPU
		{71C44630-B8A6-4B18-B2FD-E868FE8A9870}.Release|Any CPU.Build.0 = Release|Any CPU
		{DA7C2A3F-BB26-44A5-9789-4E2E0B530BE2}.Debug|Any CPU.ActiveCfg = Debug|Any CPU
		{DA7C2A3F-BB26-44A5-9789-4E2E0B530BE2}.Debug|Any CPU.Build.0 = Debug|Any CPU
		{DA7C2A3F-BB26-44A5-9789-4E2E0B530BE2}.Release|Any CPU.ActiveCfg = Release|Any CPU
		{DA7C2A3F-BB26-44A5-9789-4E2E0B530BE2}.Release|Any CPU.Build.0 = Release|Any CPU
		{7AFE1913-3DFD-4286-B731-BC0D551BCF17}.Debug|Any CPU.ActiveCfg = Debug|Any CPU
		{7AFE1913-3DFD-4286-B731-BC0D551BCF17}.Debug|Any CPU.Build.0 = Debug|Any CPU
		{7AFE1913-3DFD-4286-B731-BC0D551BCF17}.Release|Any CPU.ActiveCfg = Release|Any CPU
		{7AFE1913-3DFD-4286-B731-BC0D551BCF17}.Release|Any CPU.Build.0 = Release|Any CPU
		{852CB3A6-68FF-409F-A7EE-12AA8503FFF3}.Debug|Any CPU.ActiveCfg = Debug|Any CPU
		{852CB3A6-68FF-409F-A7EE-12AA8503FFF3}.Debug|Any CPU.Build.0 = Debug|Any CPU
		{852CB3A6-68FF-409F-A7EE-12AA8503FFF3}.Release|Any CPU.ActiveCfg = Release|Any CPU
		{852CB3A6-68FF-409F-A7EE-12AA8503FFF3}.Release|Any CPU.Build.0 = Release|Any CPU
		{66228900-C7B8-44B7-8B9F-22A2F3CD4E24}.Debug|Any CPU.ActiveCfg = Debug|Any CPU
		{66228900-C7B8-44B7-8B9F-22A2F3CD4E24}.Debug|Any CPU.Build.0 = Debug|Any CPU
		{66228900-C7B8-44B7-8B9F-22A2F3CD4E24}.Release|Any CPU.ActiveCfg = Release|Any CPU
		{66228900-C7B8-44B7-8B9F-22A2F3CD4E24}.Release|Any CPU.Build.0 = Release|Any CPU
		{76C487AB-3112-4369-BA46-1F050D9C0700}.Debug|Any CPU.ActiveCfg = Debug|Any CPU
		{76C487AB-3112-4369-BA46-1F050D9C0700}.Debug|Any CPU.Build.0 = Debug|Any CPU
		{76C487AB-3112-4369-BA46-1F050D9C0700}.Release|Any CPU.ActiveCfg = Release|Any CPU
		{76C487AB-3112-4369-BA46-1F050D9C0700}.Release|Any CPU.Build.0 = Release|Any CPU
		{E586624E-32E9-4140-8BD3-C25B20DC9FAB}.Debug|Any CPU.ActiveCfg = Debug|Any CPU
		{E586624E-32E9-4140-8BD3-C25B20DC9FAB}.Debug|Any CPU.Build.0 = Debug|Any CPU
		{E586624E-32E9-4140-8BD3-C25B20DC9FAB}.Release|Any CPU.ActiveCfg = Release|Any CPU
		{E586624E-32E9-4140-8BD3-C25B20DC9FAB}.Release|Any CPU.Build.0 = Release|Any CPU
		{2D38469F-D9E9-461B-8964-474FD3011F36}.Debug|Any CPU.ActiveCfg = Debug|Any CPU
		{2D38469F-D9E9-461B-8964-474FD3011F36}.Debug|Any CPU.Build.0 = Debug|Any CPU
		{2D38469F-D9E9-461B-8964-474FD3011F36}.Release|Any CPU.ActiveCfg = Release|Any CPU
		{2D38469F-D9E9-461B-8964-474FD3011F36}.Release|Any CPU.Build.0 = Release|Any CPU
	EndGlobalSection
	GlobalSection(SolutionProperties) = preSolution
		HideSolutionNode = FALSE
	EndGlobalSection
	GlobalSection(ExtensibilityGlobals) = postSolution
		SolutionGuid = {C062DD24-0780-48F6-989C-7C187B831CFE}
	EndGlobalSection
EndGlobal
